{
  "requires": true,
  "lockfileVersion": 1,
  "dependencies": {
    "jquery-csv": {
      "version": "0.8.12",
      "resolved": "https://registry.npmjs.org/jquery-csv/-/jquery-csv-0.8.12.tgz",
      "integrity": "sha512-lTVpGudyrh1dNT8tTBP/rePcCwLsWHoQx3urdm+agIIFO0+VG+b2ggShCLHYepWZ7IZl2mQnRuZNrh1WoBXTIQ=="
    }
  }
}
